
Microsoft Visual Studio Solution File, Format Version 12.00
# Visual Studio 15
VisualStudioVersion = 15.0.26730.12
MinimumVisualStudioVersion = 10.0.40219.1
Project("{FAE04EC0-301F-11D3-BF4B-00C04F79EFBC}") = "CarOwner", "CarOwner\CarOwner.csproj", "{8F3F60F5-A994-4D1F-A713-95CDB241FFD7}"
EndProject
Project("{FAE04EC0-301F-11D3-BF4B-00C04F79EFBC}") = "UnitTestOwner", "UnitTestOwner\UnitTestOwner.csproj", "{5AFCDB85-CC1F-4C4A-B452-6C4C441C45ED}"
EndProject
Project("{FAE04EC0-301F-11D3-BF4B-00C04F79EFBC}") = "UnitTestCar", "UnitTestCar\UnitTestCar.csproj", "{76A6DD49-584A-4B8E-994E-7CB0D1E29E89}"
EndProject
Global
	GlobalSection(SolutionConfigurationPlatforms) = preSolution
		Debug|Any CPU = Debug|Any CPU
		Release|Any CPU = Release|Any CPU
	EndGlobalSection
	GlobalSection(ProjectConfigurationPlatforms) = postSolution
		{8F3F60F5-A994-4D1F-A713-95CDB241FFD7}.Debug|Any CPU.ActiveCfg = Debug|Any CPU
		{8F3F60F5-A994-4D1F-A713-95CDB241FFD7}.Debug|Any CPU.Build.0 = Debug|Any CPU
		{8F3F60F5-A994-4D1F-A713-95CDB241FFD7}.Release|Any CPU.ActiveCfg = Release|Any CPU
		{8F3F60F5-A994-4D1F-A713-95CDB241FFD7}.Release|Any CPU.Build.0 = Release|Any CPU
		{5AFCDB85-CC1F-4C4A-B452-6C4C441C45ED}.Debug|Any CPU.ActiveCfg = Debug|Any CPU
		{5AFCDB85-CC1F-4C4A-B452-6C4C441C45ED}.Debug|Any CPU.Build.0 = Debug|Any CPU
		{5AFCDB85-CC1F-4C4A-B452-6C4C441C45ED}.Release|Any CPU.ActiveCfg = Release|Any CPU
		{5AFCDB85-CC1F-4C4A-B452-6C4C441C45ED}.Release|Any CPU.Build.0 = Release|Any CPU
		{76A6DD49-584A-4B8E-994E-7CB0D1E29E89}.Debug|Any CPU.ActiveCfg = Debug|Any CPU
		{76A6DD49-584A-4B8E-994E-7CB0D1E29E89}.Debug|Any CPU.Build.0 = Debug|Any CPU
		{76A6DD49-584A-4B8E-994E-7CB0D1E29E89}.Release|Any CPU.ActiveCfg = Release|Any CPU
		{76A6DD49-584A-4B8E-994E-7CB0D1E29E89}.Release|Any CPU.Build.0 = Release|Any CPU
	EndGlobalSection
	GlobalSection(SolutionProperties) = preSolution
		HideSolutionNode = FALSE
	EndGlobalSection
	GlobalSection(ExtensibilityGlobals) = postSolution
		SolutionGuid = {DC3CEBE4-4C25-4DA3-BDF0-4E2FD91C0790}
	EndGlobalSection
EndGlobal
